{
  "nodes": {
    "advisory-db": {
      "flake": false,
      "locked": {
        "lastModified": 1720572893,
        "narHash": "sha256-EQfU1yMnebn7LoJNjjsQimyuWwz+2YzazqUZu8aX/r4=",
        "owner": "rustsec",
        "repo": "advisory-db",
        "rev": "97a2dc75838f19a5fd63dc3f8e3f57e0c4c8cfe6",
        "type": "github"
      },
      "original": {
        "owner": "rustsec",
        "repo": "advisory-db",
        "type": "github"
      }
    },
    "crane": {
      "inputs": {
        "nixpkgs": [
          "nixpkgs"
        ]
      },
      "locked": {
        "lastModified": 1720546058,
        "narHash": "sha256-iU2yVaPIZm5vMGdlT0+57vdB/aPq/V5oZFBRwYw+HBM=",
        "owner": "ipetkov",
        "repo": "crane",
        "rev": "2d83156f23c43598cf44e152c33a59d3892f8b29",
        "type": "github"
      },
      "original": {
        "owner": "ipetkov",
        "repo": "crane",
        "type": "github"
      }
    },
    "flake-parts": {
      "inputs": {
        "nixpkgs-lib": "nixpkgs-lib"
      },
      "locked": {
        "lastModified": 1719994518,
        "narHash": "sha256-pQMhCCHyQGRzdfAkdJ4cIWiw+JNuWsTX7f0ZYSyz0VY=",
        "owner": "hercules-ci",
        "repo": "flake-parts",
        "rev": "9227223f6d922fee3c7b190b2cc238a99527bbb7",
        "type": "github"
      },
      "original": {
        "owner": "hercules-ci",
        "repo": "flake-parts",
        "type": "github"
      }
    },
    "nixpkgs": {
      "locked": {
        "lastModified": 1720657034,
        "narHash": "sha256-nPhbeFdyN8yn+EXmnPcBWisoypndtQbNIhSKmAinv3E=",
        "owner": "NixOS",
        "repo": "nixpkgs",
        "rev": "212defe037698e18fc9521dfe451779a8979844c",
        "type": "github"
      },
      "original": {
        "owner": "NixOS",
        "ref": "nixpkgs-unstable",
        "repo": "nixpkgs",
        "type": "github"
      }
    },
    "nixpkgs-lib": {
      "locked": {
        "lastModified": 1719876945,
        "narHash": "sha256-Fm2rDDs86sHy0/1jxTOKB1118Q0O3Uc7EC0iXvXKpbI=",
        "type": "tarball",
        "url": "https://github.com/NixOS/nixpkgs/archive/5daf0514482af3f97abaefc78a6606365c9108e2.tar.gz"
      },
      "original": {
        "type": "tarball",
        "url": "https://github.com/NixOS/nixpkgs/archive/5daf0514482af3f97abaefc78a6606365c9108e2.tar.gz"
      }
    },
    "root": {
      "inputs": {
        "advisory-db": "advisory-db",
        "crane": "crane",
        "flake-parts": "flake-parts",
        "nixpkgs": "nixpkgs",
        "rust-overlay": "rust-overlay"
      }
    },
    "rust-overlay": {
      "inputs": {
        "nixpkgs": [
          "nixpkgs"
        ]
      },
      "locked": {
        "lastModified": 1720664424,
        "narHash": "sha256-+odiMNHRYdvzL1ewl41UVFxsjmdoXfH+maQ8xvUoR4g=",
        "owner": "oxalica",
        "repo": "rust-overlay",
        "rev": "fec97e65fcbaab0decccba740ac8688f61dadd70",
        "type": "github"
      },
      "original": {
        "owner": "oxalica",
        "repo": "rust-overlay",
        "type": "github"
      }
    }
  },
  "root": "root",
  "version": 7
}
